
Microsoft Visual Studio Solution File, Format Version 12.00
# Visual Studio Version 16
VisualStudioVersion = 16.0.33027.164
MinimumVisualStudioVersion = 10.0.40219.1
Project("{FAE04EC0-301F-11D3-BF4B-00C04F79EFBC}") = "AWS_Lab4", "AWS_Lab4\AWS_Lab4.csproj", "{2400AC25-508E-4877-8452-CA1479D00C89}"
EndProject
Global
	GlobalSection(SolutionConfigurationPlatforms) = preSolution
		Debug|Any CPU = Debug|Any CPU
		Release|Any CPU = Release|Any CPU
	EndGlobalSection
	GlobalSection(ProjectConfigurationPlatforms) = postSolution
		{2400AC25-508E-4877-8452-CA1479D00C89}.Debug|Any CPU.ActiveCfg = Debug|Any CPU
		{2400AC25-508E-4877-8452-CA1479D00C89}.Debug|Any CPU.Build.0 = Debug|Any CPU
		{2400AC25-508E-4877-8452-CA1479D00C89}.Release|Any CPU.ActiveCfg = Release|Any CPU
		{2400AC25-508E-4877-8452-CA1479D00C89}.Release|Any CPU.Build.0 = Release|Any CPU
	EndGlobalSection
	GlobalSection(SolutionProperties) = preSolution
		HideSolutionNode = FALSE
	EndGlobalSection
	GlobalSection(ExtensibilityGlobals) = postSolution
		SolutionGuid = {F5E69E1C-B6A6-476D-B8F4-F901EFDD42FE}
	EndGlobalSection
EndGlobal
